
Microsoft Visual Studio Solution File, Format Version 12.00
# Visual Studio Version 17
VisualStudioVersion = 17.14.36310.24 d17.14
MinimumVisualStudioVersion = 10.0.40219.1
Project("{FAE04EC0-301F-11D3-BF4B-00C04F79EFBC}") = "BH-vegzosok", "BH-vegzosok.csproj", "{F505FBA3-E66E-4315-9C5A-973DE5E23105}"
EndProject
Global
	GlobalSection(SolutionConfigurationPlatforms) = preSolution
		Debug|Any CPU = Debug|Any CPU
		Release|Any CPU = Release|Any CPU
	EndGlobalSection
	GlobalSection(ProjectConfigurationPlatforms) = postSolution
		{F505FBA3-E66E-4315-9C5A-973DE5E23105}.Debug|Any CPU.ActiveCfg = Debug|Any CPU
		{F505FBA3-E66E-4315-9C5A-973DE5E23105}.Debug|Any CPU.Build.0 = Debug|Any CPU
		{F505FBA3-E66E-4315-9C5A-973DE5E23105}.Release|Any CPU.ActiveCfg = Release|Any CPU
		{F505FBA3-E66E-4315-9C5A-973DE5E23105}.Release|Any CPU.Build.0 = Release|Any CPU
	EndGlobalSection
	GlobalSection(SolutionProperties) = preSolution
		HideSolutionNode = FALSE
	EndGlobalSection
	GlobalSection(ExtensibilityGlobals) = postSolution
		SolutionGuid = {76A001F2-5375-4123-9E14-97924587C41B}
	EndGlobalSection
EndGlobal
